
Microsoft Visual Studio Solution File, Format Version 12.00
# Visual Studio Version 17
VisualStudioVersion = 17.4.33205.214
MinimumVisualStudioVersion = 10.0.40219.1
Project("{9A19103F-16F7-4668-BE54-9A1E7A4F7556}") = "BumberBreakfast", "BumberBreakfast\BumberBreakfast.csproj", "{86800F05-13A8-416B-A3E5-ECF912D32C94}"
EndProject
Global
	GlobalSection(SolutionConfigurationPlatforms) = preSolution
		Debug|Any CPU = Debug|Any CPU
		Release|Any CPU = Release|Any CPU
	EndGlobalSection
	GlobalSection(ProjectConfigurationPlatforms) = postSolution
		{86800F05-13A8-416B-A3E5-ECF912D32C94}.Debug|Any CPU.ActiveCfg = Debug|Any CPU
		{86800F05-13A8-416B-A3E5-ECF912D32C94}.Debug|Any CPU.Build.0 = Debug|Any CPU
		{86800F05-13A8-416B-A3E5-ECF912D32C94}.Release|Any CPU.ActiveCfg = Release|Any CPU
		{86800F05-13A8-416B-A3E5-ECF912D32C94}.Release|Any CPU.Build.0 = Release|Any CPU
	EndGlobalSection
	GlobalSection(SolutionProperties) = preSolution
		HideSolutionNode = FALSE
	EndGlobalSection
	GlobalSection(ExtensibilityGlobals) = postSolution
		SolutionGuid = {908AC32A-B77E-470C-8212-99EC17F5EFC7}
	EndGlobalSection
EndGlobal
